
Microsoft Visual Studio Solution File, Format Version 12.00
# Visual Studio Version 17
VisualStudioVersion = 17.13.35931.197 d17.13
MinimumVisualStudioVersion = 10.0.40219.1
Project("{FAE04EC0-301F-11D3-BF4B-00C04F79EFBC}") = "Pokeman game", "Pokeman game\Pokeman game.csproj", "{78435AC7-E034-4C4B-B324-EC9262C1D0E7}"
EndProject
Global
	GlobalSection(SolutionConfigurationPlatforms) = preSolution
		Debug|Any CPU = Debug|Any CPU
		Release|Any CPU = Release|Any CPU
	EndGlobalSection
	GlobalSection(ProjectConfigurationPlatforms) = postSolution
		{78435AC7-E034-4C4B-B324-EC9262C1D0E7}.Debug|Any CPU.ActiveCfg = Debug|Any CPU
		{78435AC7-E034-4C4B-B324-EC9262C1D0E7}.Debug|Any CPU.Build.0 = Debug|Any CPU
		{78435AC7-E034-4C4B-B324-EC9262C1D0E7}.Release|Any CPU.ActiveCfg = Release|Any CPU
		{78435AC7-E034-4C4B-B324-EC9262C1D0E7}.Release|Any CPU.Build.0 = Release|Any CPU
	EndGlobalSection
	GlobalSection(SolutionProperties) = preSolution
		HideSolutionNode = FALSE
	EndGlobalSection
	GlobalSection(ExtensibilityGlobals) = postSolution
		SolutionGuid = {E2AA0896-4651-4C04-965B-02D0F0F697A7}
	EndGlobalSection
EndGlobal
